// !$*UTF8*$!
{
	archiveVersion = 1;
	classes = {
	};
	objectVersion = 50;
	objects = {

/* Begin PBXBuildFile section */
		BF9FCC9C25ED377900BB3C91 /* AppDelegate.swift in Sources */ = {isa = PBXBuildFile; fileRef = BF9FCC9B25ED377900BB3C91 /* AppDelegate.swift */; };
		BF9FCC9E25ED377900BB3C91 /* SceneDelegate.swift in Sources */ = {isa = PBXBuildFile; fileRef = BF9FCC9D25ED377900BB3C91 /* SceneDelegate.swift */; };
		BF9FCCA025ED377900BB3C91 /* HomeViewController.swift in Sources */ = {isa = PBXBuildFile; fileRef = BF9FCC9F25ED377900BB3C91 /* HomeViewController.swift */; };
		BF9FCCA525ED377A00BB3C91 /* Assets.xcassets in Resources */ = {isa = PBXBuildFile; fileRef = BF9FCCA425ED377A00BB3C91 /* Assets.xcassets */; };
		BF9FCCA825ED377A00BB3C91 /* LaunchScreen.storyboard in Resources */ = {isa = PBXBuildFile; fileRef = BF9FCCA625ED377A00BB3C91 /* LaunchScreen.storyboard */; };
		BF9FCCBB25ED3FFD00BB3C91 /* TabBarViewController.swift in Sources */ = {isa = PBXBuildFile; fileRef = BF9FCCBA25ED3FFD00BB3C91 /* TabBarViewController.swift */; };
		BF9FCCBE25ED404800BB3C91 /* SearchViewController.swift in Sources */ = {isa = PBXBuildFile; fileRef = BF9FCCBD25ED404800BB3C91 /* SearchViewController.swift */; };
		BF9FCCC125ED406C00BB3C91 /* LibraryViewController.swift in Sources */ = {isa = PBXBuildFile; fileRef = BF9FCCC025ED406C00BB3C91 /* LibraryViewController.swift */; };
		BF9FCCC725ED40B100BB3C91 /* AuthViewController.swift in Sources */ = {isa = PBXBuildFile; fileRef = BF9FCCC625ED40B100BB3C91 /* AuthViewController.swift */; };
		BF9FCCCB25ED40BF00BB3C91 /* WelcomeViewController.swift in Sources */ = {isa = PBXBuildFile; fileRef = BF9FCCCA25ED40BF00BB3C91 /* WelcomeViewController.swift */; };
		BF9FCCCE25ED40CE00BB3C91 /* SettingsViewController.swift in Sources */ = {isa = PBXBuildFile; fileRef = BF9FCCCD25ED40CE00BB3C91 /* SettingsViewController.swift */; };
		BF9FCCD125ED40DC00BB3C91 /* PlayerViewController.swift in Sources */ = {isa = PBXBuildFile; fileRef = BF9FCCD025ED40DC00BB3C91 /* PlayerViewController.swift */; };
		BF9FCCD425ED40F100BB3C91 /* PlaylistViewController.swift in Sources */ = {isa = PBXBuildFile; fileRef = BF9FCCD325ED40F100BB3C91 /* PlaylistViewController.swift */; };
		BF9FCCD825ED412100BB3C91 /* ProfileViewController.swift in Sources */ = {isa = PBXBuildFile; fileRef = BF9FCCD725ED412100BB3C91 /* ProfileViewController.swift */; };
		BF9FCCDF25ED415D00BB3C91 /* AuthManager.swift in Sources */ = {isa = PBXBuildFile; fileRef = BF9FCCDE25ED415D00BB3C91 /* AuthManager.swift */; };
		BF9FCCE225ED416B00BB3C91 /* APICaller.swift in Sources */ = {isa = PBXBuildFile; fileRef = BF9FCCE125ED416B00BB3C91 /* APICaller.swift */; };
		BF9FCCE525ED418700BB3C91 /* HapticsManager.swift in Sources */ = {isa = PBXBuildFile; fileRef = BF9FCCE425ED418700BB3C91 /* HapticsManager.swift */; };
		BF9FCCE825ED41DA00BB3C91 /* Playlist.swift in Sources */ = {isa = PBXBuildFile; fileRef = BF9FCCE725ED41DA00BB3C91 /* Playlist.swift */; };
		BF9FCCEB25ED41E600BB3C91 /* AudioTrack.swift in Sources */ = {isa = PBXBuildFile; fileRef = BF9FCCEA25ED41E600BB3C91 /* AudioTrack.swift */; };
		BF9FCCEE25ED420A00BB3C91 /* Artist.swift in Sources */ = {isa = PBXBuildFile; fileRef = BF9FCCED25ED420A00BB3C91 /* Artist.swift */; };
		BF9FCCF125ED422400BB3C91 /* UserProfile.swift in Sources */ = {isa = PBXBuildFile; fileRef = BF9FCCF025ED422400BB3C91 /* UserProfile.swift */; };
		BF9FCCF525ED432A00BB3C91 /* SearchResultsViewController.swift in Sources */ = {isa = PBXBuildFile; fileRef = BF9FCCF425ED432A00BB3C91 /* SearchResultsViewController.swift */; };
		BF9FCCF825EDFD2800BB3C91 /* Extensions.swift in Sources */ = {isa = PBXBuildFile; fileRef = BF9FCCF725EDFD2800BB3C91 /* Extensions.swift */; };
		BF9FCCFC25EFF56900BB3C91 /* AuthResponse.swift in Sources */ = {isa = PBXBuildFile; fileRef = BF9FCCFB25EFF56900BB3C91 /* AuthResponse.swift */; };
/* End PBXBuildFile section */

/* Begin PBXFileReference section */
		BF9FCC9825ED377900BB3C91 /* Spotify.app */ = {isa = PBXFileReference; explicitFileType = wrapper.application; includeInIndex = 0; path = Spotify.app; sourceTree = BUILT_PRODUCTS_DIR; };
		BF9FCC9B25ED377900BB3C91 /* AppDelegate.swift */ = {isa = PBXFileReference; lastKnownFileType = sourcecode.swift; path = AppDelegate.swift; sourceTree = "<group>"; };
		BF9FCC9D25ED377900BB3C91 /* SceneDelegate.swift */ = {isa = PBXFileReference; lastKnownFileType = sourcecode.swift; path = SceneDelegate.swift; sourceTree = "<group>"; };
		BF9FCC9F25ED377900BB3C91 /* HomeViewController.swift */ = {isa = PBXFileReference; lastKnownFileType = sourcecode.swift; path = HomeViewController.swift; sourceTree = "<group>"; };
		BF9FCCA425ED377A00BB3C91 /* Assets.xcassets */ = {isa = PBXFileReference; lastKnownFileType = folder.assetcatalog; path = Assets.xcassets; sourceTree = "<group>"; };
		BF9FCCA725ED377A00BB3C91 /* Base */ = {isa = PBXFileReference; lastKnownFileType = file.storyboard; name = Base; path = Base.lproj/LaunchScreen.storyboard; sourceTree = "<group>"; };
		BF9FCCA925ED377A00BB3C91 /* Info.plist */ = {isa = PBXFileReference; lastKnownFileType = text.plist.xml; path = Info.plist; sourceTree = "<group>"; };
		BF9FCCBA25ED3FFD00BB3C91 /* TabBarViewController.swift */ = {isa = PBXFileReference; lastKnownFileType = sourcecode.swift; path = TabBarViewController.swift; sourceTree = "<group>"; };
		BF9FCCBD25ED404800BB3C91 /* SearchViewController.swift */ = {isa = PBXFileReference; lastKnownFileType = sourcecode.swift; path = SearchViewController.swift; sourceTree = "<group>"; };
		BF9FCCC025ED406C00BB3C91 /* LibraryViewController.swift */ = {isa = PBXFileReference; lastKnownFileType = sourcecode.swift; path = LibraryViewController.swift; sourceTree = "<group>"; };
		BF9FCCC625ED40B100BB3C91 /* AuthViewController.swift */ = {isa = PBXFileReference; lastKnownFileType = sourcecode.swift; path = AuthViewController.swift; sourceTree = "<group>"; };
		BF9FCCCA25ED40BF00BB3C91 /* WelcomeViewController.swift */ = {isa = PBXFileReference; lastKnownFileType = sourcecode.swift; path = WelcomeViewController.swift; sourceTree = "<group>"; };
		BF9FCCCD25ED40CE00BB3C91 /* SettingsViewController.swift */ = {isa = PBXFileReference; lastKnownFileType = sourcecode.swift; path = SettingsViewController.swift; sourceTree = "<group>"; };
		BF9FCCD025ED40DC00BB3C91 /* PlayerViewController.swift */ = {isa = PBXFileReference; lastKnownFileType = sourcecode.swift; path = PlayerViewController.swift; sourceTree = "<group>"; };
		BF9FCCD325ED40F100BB3C91 /* PlaylistViewController.swift */ = {isa = PBXFileReference; lastKnownFileType = sourcecode.swift; path = PlaylistViewController.swift; sourceTree = "<group>"; };
		BF9FCCD725ED412100BB3C91 /* ProfileViewController.swift */ = {isa = PBXFileReference; lastKnownFileType = sourcecode.swift; path = ProfileViewController.swift; sourceTree = "<group>"; };
		BF9FCCDE25ED415D00BB3C91 /* AuthManager.swift */ = {isa = PBXFileReference; lastKnownFileType = sourcecode.swift; path = AuthManager.swift; sourceTree = "<group>"; };
		BF9FCCE125ED416B00BB3C91 /* APICaller.swift */ = {isa = PBXFileReference; lastKnownFileType = sourcecode.swift; path = APICaller.swift; sourceTree = "<group>"; };
		BF9FCCE425ED418700BB3C91 /* HapticsManager.swift */ = {isa = PBXFileReference; lastKnownFileType = sourcecode.swift; path = HapticsManager.swift; sourceTree = "<group>"; };
		BF9FCCE725ED41DA00BB3C91 /* Playlist.swift */ = {isa = PBXFileReference; lastKnownFileType = sourcecode.swift; path = Playlist.swift; sourceTree = "<group>"; };
		BF9FCCEA25ED41E600BB3C91 /* AudioTrack.swift */ = {isa = PBXFileReference; lastKnownFileType = sourcecode.swift; path = AudioTrack.swift; sourceTree = "<group>"; };
		BF9FCCED25ED420A00BB3C91 /* Artist.swift */ = {isa = PBXFileReference; lastKnownFileType = sourcecode.swift; path = Artist.swift; sourceTree = "<group>"; };
		BF9FCCF025ED422400BB3C91 /* UserProfile.swift */ = {isa = PBXFileReference; lastKnownFileType = sourcecode.swift; path = UserProfile.swift; sourceTree = "<group>"; };
		BF9FCCF425ED432A00BB3C91 /* SearchResultsViewController.swift */ = {isa = PBXFileReference; lastKnownFileType = sourcecode.swift; path = SearchResultsViewController.swift; sourceTree = "<group>"; };
		BF9FCCF725EDFD2800BB3C91 /* Extensions.swift */ = {isa = PBXFileReference; lastKnownFileType = sourcecode.swift; path = Extensions.swift; sourceTree = "<group>"; };
		BF9FCCFB25EFF56900BB3C91 /* AuthResponse.swift */ = {isa = PBXFileReference; lastKnownFileType = sourcecode.swift; path = AuthResponse.swift; sourceTree = "<group>"; };
/* End PBXFileReference section */

/* Begin PBXFrameworksBuildPhase section */
		BF9FCC9525ED377900BB3C91 /* Frameworks */ = {
			isa = PBXFrameworksBuildPhase;
			buildActionMask = 2147483647;
			files = (
			);
			runOnlyForDeploymentPostprocessing = 0;
		};
/* End PBXFrameworksBuildPhase section */

/* Begin PBXGroup section */
		BF9FCC8F25ED377900BB3C91 = {
			isa = PBXGroup;
			children = (
				BF9FCC9A25ED377900BB3C91 /* Spotify */,
				BF9FCC9925ED377900BB3C91 /* Products */,
			);
			sourceTree = "<group>";
		};
		BF9FCC9925ED377900BB3C91 /* Products */ = {
			isa = PBXGroup;
			children = (
				BF9FCC9825ED377900BB3C91 /* Spotify.app */,
			);
			name = Products;
			sourceTree = "<group>";
		};
		BF9FCC9A25ED377900BB3C91 /* Spotify */ = {
			isa = PBXGroup;
			children = (
				BF9FCCB725ED391300BB3C91 /* Resources */,
				BF9FCCB625ED390700BB3C91 /* Managers */,
				BF9FCCB525ED38FF00BB3C91 /* ViewModels */,
				BF9FCCB425ED38F700BB3C91 /* Models */,
				BF9FCCB325ED38EC00BB3C91 /* Views */,
				BF9FCCB125ED389C00BB3C91 /* Controllers */,
				BF9FCCA925ED377A00BB3C91 /* Info.plist */,
			);
			path = Spotify;
			sourceTree = "<group>";
		};
		BF9FCCB125ED389C00BB3C91 /* Controllers */ = {
			isa = PBXGroup;
			children = (
				BF9FCCC525ED409700BB3C91 /* Other */,
				BF9FCCC325ED408C00BB3C91 /* Core */,
			);
			path = Controllers;
			sourceTree = "<group>";
		};
		BF9FCCB325ED38EC00BB3C91 /* Views */ = {
			isa = PBXGroup;
			children = (
				BF9FCCA625ED377A00BB3C91 /* LaunchScreen.storyboard */,
			);
			path = Views;
			sourceTree = "<group>";
		};
		BF9FCCB425ED38F700BB3C91 /* Models */ = {
			isa = PBXGroup;
			children = (
				BF9FCCE725ED41DA00BB3C91 /* Playlist.swift */,
				BF9FCCEA25ED41E600BB3C91 /* AudioTrack.swift */,
				BF9FCCED25ED420A00BB3C91 /* Artist.swift */,
				BF9FCCF025ED422400BB3C91 /* UserProfile.swift */,
				BF9FCCFB25EFF56900BB3C91 /* AuthResponse.swift */,
			);
			path = Models;
			sourceTree = "<group>";
		};
		BF9FCCB525ED38FF00BB3C91 /* ViewModels */ = {
			isa = PBXGroup;
			children = (
			);
			path = ViewModels;
			sourceTree = "<group>";
		};
		BF9FCCB625ED390700BB3C91 /* Managers */ = {
			isa = PBXGroup;
			children = (
				BF9FCCDE25ED415D00BB3C91 /* AuthManager.swift */,
				BF9FCCE125ED416B00BB3C91 /* APICaller.swift */,
				BF9FCCE425ED418700BB3C91 /* HapticsManager.swift */,
			);
			path = Managers;
			sourceTree = "<group>";
		};
		BF9FCCB725ED391300BB3C91 /* Resources */ = {
			isa = PBXGroup;
			children = (
				BF9FCC9B25ED377900BB3C91 /* AppDelegate.swift */,
				BF9FCC9D25ED377900BB3C91 /* SceneDelegate.swift */,
				BF9FCCA425ED377A00BB3C91 /* Assets.xcassets */,
				BF9FCCF725EDFD2800BB3C91 /* Extensions.swift */,
			);
			path = Resources;
			sourceTree = "<group>";
		};
		BF9FCCC325ED408C00BB3C91 /* Core */ = {
			isa = PBXGroup;
			children = (
				BF9FCC9F25ED377900BB3C91 /* HomeViewController.swift */,
				BF9FCCBA25ED3FFD00BB3C91 /* TabBarViewController.swift */,
				BF9FCCBD25ED404800BB3C91 /* SearchViewController.swift */,
				BF9FCCC025ED406C00BB3C91 /* LibraryViewController.swift */,
			);
			path = Core;
			sourceTree = "<group>";
		};
		BF9FCCC525ED409700BB3C91 /* Other */ = {
			isa = PBXGroup;
			children = (
				BF9FCCC625ED40B100BB3C91 /* AuthViewController.swift */,
				BF9FCCCA25ED40BF00BB3C91 /* WelcomeViewController.swift */,
				BF9FCCCD25ED40CE00BB3C91 /* SettingsViewController.swift */,
				BF9FCCD025ED40DC00BB3C91 /* PlayerViewController.swift */,
				BF9FCCD325ED40F100BB3C91 /* PlaylistViewController.swift */,
				BF9FCCD725ED412100BB3C91 /* ProfileViewController.swift */,
				BF9FCCF425ED432A00BB3C91 /* SearchResultsViewController.swift */,
			);
			path = Other;
			sourceTree = "<group>";
		};
/* End PBXGroup section */

/* Begin PBXNativeTarget section */
		BF9FCC9725ED377900BB3C91 /* Spotify */ = {
			isa = PBXNativeTarget;
			buildConfigurationList = BF9FCCAC25ED377A00BB3C91 /* Build configuration list for PBXNativeTarget "Spotify" */;
			buildPhases = (
				BF9FCC9425ED377900BB3C91 /* Sources */,
				BF9FCC9525ED377900BB3C91 /* Frameworks */,
				BF9FCC9625ED377900BB3C91 /* Resources */,
			);
			buildRules = (
			);
			dependencies = (
			);
			name = Spotify;
			productName = Spotify;
			productReference = BF9FCC9825ED377900BB3C91 /* Spotify.app */;
			productType = "com.apple.product-type.application";
		};
/* End PBXNativeTarget section */

/* Begin PBXProject section */
		BF9FCC9025ED377900BB3C91 /* Project object */ = {
			isa = PBXProject;
			attributes = {
				LastSwiftUpdateCheck = 1240;
				LastUpgradeCheck = 1240;
				TargetAttributes = {
					BF9FCC9725ED377900BB3C91 = {
						CreatedOnToolsVersion = 12.4;
					};
				};
			};
			buildConfigurationList = BF9FCC9325ED377900BB3C91 /* Build configuration list for PBXProject "Spotify" */;
			compatibilityVersion = "Xcode 9.3";
			developmentRegion = en;
			hasScannedForEncodings = 0;
			knownRegions = (
				en,
				Base,
			);
			mainGroup = BF9FCC8F25ED377900BB3C91;
			productRefGroup = BF9FCC9925ED377900BB3C91 /* Products */;
			projectDirPath = "";
			projectRoot = "";
			targets = (
				BF9FCC9725ED377900BB3C91 /* Spotify */,
			);
		};
/* End PBXProject section */

/* Begin PBXResourcesBuildPhase section */
		BF9FCC9625ED377900BB3C91 /* Resources */ = {
			isa = PBXResourcesBuildPhase;
			buildActionMask = 2147483647;
			files = (
				BF9FCCA825ED377A00BB3C91 /* LaunchScreen.storyboard in Resources */,
				BF9FCCA525ED377A00BB3C91 /* Assets.xcassets in Resources */,
			);
			runOnlyForDeploymentPostprocessing = 0;
		};
/* End PBXResourcesBuildPhase section */

/* Begin PBXSourcesBuildPhase section */
		BF9FCC9425ED377900BB3C91 /* Sources */ = {
			isa = PBXSourcesBuildPhase;
			buildActionMask = 2147483647;
			files = (
				BF9FCCBE25ED404800BB3C91 /* SearchViewController.swift in Sources */,
				BF9FCCE825ED41DA00BB3C91 /* Playlist.swift in Sources */,
				BF9FCCDF25ED415D00BB3C91 /* AuthManager.swift in Sources */,
				BF9FCCCB25ED40BF00BB3C91 /* WelcomeViewController.swift in Sources */,
				BF9FCCBB25ED3FFD00BB3C91 /* TabBarViewController.swift in Sources */,
				BF9FCCA025ED377900BB3C91 /* HomeViewController.swift in Sources */,
				BF9FCCC725ED40B100BB3C91 /* AuthViewController.swift in Sources */,
				BF9FCCE525ED418700BB3C91 /* HapticsManager.swift in Sources */,
				BF9FCCFC25EFF56900BB3C91 /* AuthResponse.swift in Sources */,
				BF9FCCEB25ED41E600BB3C91 /* AudioTrack.swift in Sources */,
				BF9FCCF525ED432A00BB3C91 /* SearchResultsViewController.swift in Sources */,
				BF9FCC9C25ED377900BB3C91 /* AppDelegate.swift in Sources */,
				BF9FCCD825ED412100BB3C91 /* ProfileViewController.swift in Sources */,
				BF9FCCC125ED406C00BB3C91 /* LibraryViewController.swift in Sources */,
				BF9FCCF825EDFD2800BB3C91 /* Extensions.swift in Sources */,
				BF9FCCF125ED422400BB3C91 /* UserProfile.swift in Sources */,
				BF9FCCEE25ED420A00BB3C91 /* Artist.swift in Sources */,
				BF9FCCD425ED40F100BB3C91 /* PlaylistViewController.swift in Sources */,
				BF9FCC9E25ED377900BB3C91 /* SceneDelegate.swift in Sources */,
				BF9FCCCE25ED40CE00BB3C91 /* SettingsViewController.swift in Sources */,
				BF9FCCE225ED416B00BB3C91 /* APICaller.swift in Sources */,
				BF9FCCD125ED40DC00BB3C91 /* PlayerViewController.swift in Sources */,
			);
			runOnlyForDeploymentPostprocessing = 0;
		};
/* End PBXSourcesBuildPhase section */

/* Begin PBXVariantGroup section */
		BF9FCCA625ED377A00BB3C91 /* LaunchScreen.storyboard */ = {
			isa = PBXVariantGroup;
			children = (
				BF9FCCA725ED377A00BB3C91 /* Base */,
			);
			name = LaunchScreen.storyboard;
			sourceTree = "<group>";
		};
/* End PBXVariantGroup section */

/* Begin XCBuildConfiguration section */
		BF9FCCAA25ED377A00BB3C91 /* Debug */ = {
			isa = XCBuildConfiguration;
			buildSettings = {
				ALWAYS_SEARCH_USER_PATHS = NO;
				CLANG_ANALYZER_NONNULL = YES;
				CLANG_ANALYZER_NUMBER_OBJECT_CONVERSION = YES_AGGRESSIVE;
				CLANG_CXX_LANGUAGE_STANDARD = "gnu++14";
				CLANG_CXX_LIBRARY = "libc++";
				CLANG_ENABLE_MODULES = YES;
				CLANG_ENABLE_OBJC_ARC = YES;
				CLANG_ENABLE_OBJC_WEAK = YES;
				CLANG_WARN_BLOCK_CAPTURE_AUTORELEASING = YES;
				CLANG_WARN_BOOL_CONVERSION = YES;
				CLANG_WARN_COMMA = YES;
				CLANG_WARN_CONSTANT_CONVERSION = YES;
				CLANG_WARN_DEPRECATED_OBJC_IMPLEMENTATIONS = YES;
				CLANG_WARN_DIRECT_OBJC_ISA_USAGE = YES_ERROR;
				CLANG_WARN_DOCUMENTATION_COMMENTS = YES;
				CLANG_WARN_EMPTY_BODY = YES;
				CLANG_WARN_ENUM_CONVERSION = YES;
				CLANG_WARN_INFINITE_RECURSION = YES;
				CLANG_WARN_INT_CONVERSION = YES;
				CLANG_WARN_NON_LITERAL_NULL_CONVERSION = YES;
				CLANG_WARN_OBJC_IMPLICIT_RETAIN_SELF = YES;
				CLANG_WARN_OBJC_LITERAL_CONVERSION = YES;
				CLANG_WARN_OBJC_ROOT_CLASS = YES_ERROR;
				CLANG_WARN_QUOTED_INCLUDE_IN_FRAMEWORK_HEADER = YES;
				CLANG_WARN_RANGE_LOOP_ANALYSIS = YES;
				CLANG_WARN_STRICT_PROTOTYPES = YES;
				CLANG_WARN_SUSPICIOUS_MOVE = YES;
				CLANG_WARN_UNGUARDED_AVAILABILITY = YES_AGGRESSIVE;
				CLANG_WARN_UNREACHABLE_CODE = YES;
				CLANG_WARN__DUPLICATE_METHOD_MATCH = YES;
				COPY_PHASE_STRIP = NO;
				DEBUG_INFORMATION_FORMAT = dwarf;
				ENABLE_STRICT_OBJC_MSGSEND = YES;
				ENABLE_TESTABILITY = YES;
				GCC_C_LANGUAGE_STANDARD = gnu11;
				GCC_DYNAMIC_NO_PIC = NO;
				GCC_NO_COMMON_BLOCKS = YES;
				GCC_OPTIMIZATION_LEVEL = 0;
				GCC_PREPROCESSOR_DEFINITIONS = (
					"DEBUG=1",
					"$(inherited)",
				);
				GCC_WARN_64_TO_32_BIT_CONVERSION = YES;
				GCC_WARN_ABOUT_RETURN_TYPE = YES_ERROR;
				GCC_WARN_UNDECLARED_SELECTOR = YES;
				GCC_WARN_UNINITIALIZED_AUTOS = YES_AGGRESSIVE;
				GCC_WARN_UNUSED_FUNCTION = YES;
				GCC_WARN_UNUSED_VARIABLE = YES;
				IPHONEOS_DEPLOYMENT_TARGET = 14.4;
				MTL_ENABLE_DEBUG_INFO = INCLUDE_SOURCE;
				MTL_FAST_MATH = YES;
				ONLY_ACTIVE_ARCH = YES;
				SDKROOT = iphoneos;
				SWIFT_ACTIVE_COMPILATION_CONDITIONS = DEBUG;
				SWIFT_OPTIMIZATION_LEVEL = "-Onone";
			};
			name = Debug;
		};
		BF9FCCAB25ED377A00BB3C91 /* Release */ = {
			isa = XCBuildConfiguration;
			buildSettings = {
				ALWAYS_SEARCH_USER_PATHS = NO;
				CLANG_ANALYZER_NONNULL = YES;
				CLANG_ANALYZER_NUMBER_OBJECT_CONVERSION = YES_AGGRESSIVE;
				CLANG_CXX_LANGUAGE_STANDARD = "gnu++14";
				CLANG_CXX_LIBRARY = "libc++";
				CLANG_ENABLE_MODULES = YES;
				CLANG_ENABLE_OBJC_ARC = YES;
				CLANG_ENABLE_OBJC_WEAK = YES;
				CLANG_WARN_BLOCK_CAPTURE_AUTORELEASING = YES;
				CLANG_WARN_BOOL_CONVERSION = YES;
				CLANG_WARN_COMMA = YES;
				CLANG_WARN_CONSTANT_CONVERSION = YES;
				CLANG_WARN_DEPRECATED_OBJC_IMPLEMENTATIONS = YES;
				CLANG_WARN_DIRECT_OBJC_ISA_USAGE = YES_ERROR;
				CLANG_WARN_DOCUMENTATION_COMMENTS = YES;
				CLANG_WARN_EMPTY_BODY = YES;
				CLANG_WARN_ENUM_CONVERSION = YES;
				CLANG_WARN_INFINITE_RECURSION = YES;
				CLANG_WARN_INT_CONVERSION = YES;
				CLANG_WARN_NON_LITERAL_NULL_CONVERSION = YES;
				CLANG_WARN_OBJC_IMPLICIT_RETAIN_SELF = YES;
				CLANG_WARN_OBJC_LITERAL_CONVERSION = YES;
				CLANG_WARN_OBJC_ROOT_CLASS = YES_ERROR;
				CLANG_WARN_QUOTED_INCLUDE_IN_FRAMEWORK_HEADER = YES;
				CLANG_WARN_RANGE_LOOP_ANALYSIS = YES;
				CLANG_WARN_STRICT_PROTOTYPES = YES;
				CLANG_WARN_SUSPICIOUS_MOVE = YES;
				CLANG_WARN_UNGUARDED_AVAILABILITY = YES_AGGRESSIVE;
				CLANG_WARN_UNREACHABLE_CODE = YES;
				CLANG_WARN__DUPLICATE_METHOD_MATCH = YES;
				COPY_PHASE_STRIP = NO;
				DEBUG_INFORMATION_FORMAT = "dwarf-with-dsym";
				ENABLE_NS_ASSERTIONS = NO;
				ENABLE_STRICT_OBJC_MSGSEND = YES;
				GCC_C_LANGUAGE_STANDARD = gnu11;
				GCC_NO_COMMON_BLOCKS = YES;
				GCC_WARN_64_TO_32_BIT_CONVERSION = YES;
				GCC_WARN_ABOUT_RETURN_TYPE = YES_ERROR;
				GCC_WARN_UNDECLARED_SELECTOR = YES;
				GCC_WARN_UNINITIALIZED_AUTOS = YES_AGGRESSIVE;
				GCC_WARN_UNUSED_FUNCTION = YES;
				GCC_WARN_UNUSED_VARIABLE = YES;
				IPHONEOS_DEPLOYMENT_TARGET = 14.4;
				MTL_ENABLE_DEBUG_INFO = NO;
				MTL_FAST_MATH = YES;
				SDKROOT = iphoneos;
				SWIFT_COMPILATION_MODE = wholemodule;
				SWIFT_OPTIMIZATION_LEVEL = "-O";
				VALIDATE_PRODUCT = YES;
			};
			name = Release;
		};
		BF9FCCAD25ED377A00BB3C91 /* Debug */ = {
			isa = XCBuildConfiguration;
			buildSettings = {
				ASSETCATALOG_COMPILER_APPICON_NAME = AppIcon;
				ASSETCATALOG_COMPILER_GLOBAL_ACCENT_COLOR_NAME = AccentColor;
				CODE_SIGN_STYLE = Automatic;
				DEVELOPMENT_TEAM = T9FTTFQ5LM;
				INFOPLIST_FILE = Spotify/Info.plist;
				LD_RUNPATH_SEARCH_PATHS = (
					"$(inherited)",
					"@executable_path/Frameworks",
				);
				PRODUCT_BUNDLE_IDENTIFIER = com.Dhrumil.Spotify;
				PRODUCT_NAME = "$(TARGET_NAME)";
				SWIFT_VERSION = 5.0;
				TARGETED_DEVICE_FAMILY = "1,2";
			};
			name = Debug;
		};
		BF9FCCAE25ED377A00BB3C91 /* Release */ = {
			isa = XCBuildConfiguration;
			buildSettings = {
				ASSETCATALOG_COMPILER_APPICON_NAME = AppIcon;
				ASSETCATALOG_COMPILER_GLOBAL_ACCENT_COLOR_NAME = AccentColor;
				CODE_SIGN_STYLE = Automatic;
				DEVELOPMENT_TEAM = T9FTTFQ5LM;
				INFOPLIST_FILE = Spotify/Info.plist;
				LD_RUNPATH_SEARCH_PATHS = (
					"$(inherited)",
					"@executable_path/Frameworks",
				);
				PRODUCT_BUNDLE_IDENTIFIER = com.Dhrumil.Spotify;
				PRODUCT_NAME = "$(TARGET_NAME)";
				SWIFT_VERSION = 5.0;
				TARGETED_DEVICE_FAMILY = "1,2";
			};
			name = Release;
		};
/* End XCBuildConfiguration section */

/* Begin XCConfigurationList section */
		BF9FCC9325ED377900BB3C91 /* Build configuration list for PBXProject "Spotify" */ = {
			isa = XCConfigurationList;
			buildConfigurations = (
				BF9FCCAA25ED377A00BB3C91 /* Debug */,
				BF9FCCAB25ED377A00BB3C91 /* Release */,
			);
			defaultConfigurationIsVisible = 0;
			defaultConfigurationName = Release;
		};
		BF9FCCAC25ED377A00BB3C91 /* Build configuration list for PBXNativeTarget "Spotify" */ = {
			isa = XCConfigurationList;
			buildConfigurations = (
				BF9FCCAD25ED377A00BB3C91 /* Debug */,
				BF9FCCAE25ED377A00BB3C91 /* Release */,
			);
			defaultConfigurationIsVisible = 0;
			defaultConfigurationName = Release;
		};
/* End XCConfigurationList section */
	};
	rootObject = BF9FCC9025ED377900BB3C91 /* Project object */;
}
